// !$*UTF8*$!
{
	archiveVersion = 1;
	classes = {
	};
	objectVersion = 56;
	objects = {

/* Begin PBXBuildFile section */
		35D4CB8A2BB4208300EF706D /* AppDelegate.swift in Sources */ = {isa = PBXBuildFile; fileRef = 35D4CB892BB4208300EF706D /* AppDelegate.swift */; };
		35D4CB8C2BB4208300EF706D /* SceneDelegate.swift in Sources */ = {isa = PBXBuildFile; fileRef = 35D4CB8B2BB4208300EF706D /* SceneDelegate.swift */; };
		35D4CB8E2BB4208300EF706D /* HomeViewController.swift in Sources */ = {isa = PBXBuildFile; fileRef = 35D4CB8D2BB4208300EF706D /* HomeViewController.swift */; };
		35D4CB912BB4208300EF706D /* Main.storyboard in Resources */ = {isa = PBXBuildFile; fileRef = 35D4CB8F2BB4208300EF706D /* Main.storyboard */; };
		35D4CB932BB4208400EF706D /* Assets.xcassets in Resources */ = {isa = PBXBuildFile; fileRef = 35D4CB922BB4208400EF706D /* Assets.xcassets */; };
		35D4CB962BB4208400EF706D /* LaunchScreen.storyboard in Resources */ = {isa = PBXBuildFile; fileRef = 35D4CB942BB4208400EF706D /* LaunchScreen.storyboard */; };
		35D4CBA12BB4208400EF706D /* FunnyGifTests.swift in Sources */ = {isa = PBXBuildFile; fileRef = 35D4CBA02BB4208400EF706D /* FunnyGifTests.swift */; };
		35D4CBAB2BB4208400EF706D /* FunnyGifUITests.swift in Sources */ = {isa = PBXBuildFile; fileRef = 35D4CBAA2BB4208400EF706D /* FunnyGifUITests.swift */; };
		35D4CBAD2BB4208400EF706D /* FunnyGifUITestsLaunchTests.swift in Sources */ = {isa = PBXBuildFile; fileRef = 35D4CBAC2BB4208400EF706D /* FunnyGifUITestsLaunchTests.swift */; };
		35D4CBC92BB4227300EF706D /* Date+Extension.swift in Sources */ = {isa = PBXBuildFile; fileRef = 35D4CBC02BB4227300EF706D /* Date+Extension.swift */; };
		35D4CBCB2BB4227300EF706D /* UIView+Extension.swift in Sources */ = {isa = PBXBuildFile; fileRef = 35D4CBC22BB4227300EF706D /* UIView+Extension.swift */; };
		35D4CBCD2BB4227300EF706D /* UILabel+Extension.swift in Sources */ = {isa = PBXBuildFile; fileRef = 35D4CBC42BB4227300EF706D /* UILabel+Extension.swift */; };
		35D4CBCE2BB4227300EF706D /* CGFloat+Extension.swift in Sources */ = {isa = PBXBuildFile; fileRef = 35D4CBC52BB4227300EF706D /* CGFloat+Extension.swift */; };
		35D4CBCF2BB4227300EF706D /* UIViewController+Extension.swift in Sources */ = {isa = PBXBuildFile; fileRef = 35D4CBC62BB4227300EF706D /* UIViewController+Extension.swift */; };
		35D4CBD02BB4227300EF706D /* UIImage+Extension.swift in Sources */ = {isa = PBXBuildFile; fileRef = 35D4CBC72BB4227300EF706D /* UIImage+Extension.swift */; };
		35D4CBD12BB4227300EF706D /* UIColor+Extension.swift in Sources */ = {isa = PBXBuildFile; fileRef = 35D4CBC82BB4227300EF706D /* UIColor+Extension.swift */; };
/* End PBXBuildFile section */

/* Begin PBXContainerItemProxy section */
		35D4CB9D2BB4208400EF706D /* PBXContainerItemProxy */ = {
			isa = PBXContainerItemProxy;
			containerPortal = 35D4CB7E2BB4208300EF706D /* Project object */;
			proxyType = 1;
			remoteGlobalIDString = 35D4CB852BB4208300EF706D;
			remoteInfo = FunnyGif;
		};
		35D4CBA72BB4208400EF706D /* PBXContainerItemProxy */ = {
			isa = PBXContainerItemProxy;
			containerPortal = 35D4CB7E2BB4208300EF706D /* Project object */;
			proxyType = 1;
			remoteGlobalIDString = 35D4CB852BB4208300EF706D;
			remoteInfo = FunnyGif;
		};
/* End PBXContainerItemProxy section */

/* Begin PBXFileReference section */
		35D4CB862BB4208300EF706D /* FunnyGif.app */ = {isa = PBXFileReference; explicitFileType = wrapper.application; includeInIndex = 0; path = FunnyGif.app; sourceTree = BUILT_PRODUCTS_DIR; };
		35D4CB892BB4208300EF706D /* AppDelegate.swift */ = {isa = PBXFileReference; lastKnownFileType = sourcecode.swift; path = AppDelegate.swift; sourceTree = "<group>"; };
		35D4CB8B2BB4208300EF706D /* SceneDelegate.swift */ = {isa = PBXFileReference; lastKnownFileType = sourcecode.swift; path = SceneDelegate.swift; sourceTree = "<group>"; };
		35D4CB8D2BB4208300EF706D /* HomeViewController.swift */ = {isa = PBXFileReference; lastKnownFileType = sourcecode.swift; path = HomeViewController.swift; sourceTree = "<group>"; };
		35D4CB902BB4208300EF706D /* Base */ = {isa = PBXFileReference; lastKnownFileType = file.storyboard; name = Base; path = Base.lproj/Main.storyboard; sourceTree = "<group>"; };
		35D4CB922BB4208400EF706D /* Assets.xcassets */ = {isa = PBXFileReference; lastKnownFileType = folder.assetcatalog; path = Assets.xcassets; sourceTree = "<group>"; };
		35D4CB952BB4208400EF706D /* Base */ = {isa = PBXFileReference; lastKnownFileType = file.storyboard; name = Base; path = Base.lproj/LaunchScreen.storyboard; sourceTree = "<group>"; };
		35D4CB972BB4208400EF706D /* Info.plist */ = {isa = PBXFileReference; lastKnownFileType = text.plist.xml; path = Info.plist; sourceTree = "<group>"; };
		35D4CB9C2BB4208400EF706D /* FunnyGifTests.xctest */ = {isa = PBXFileReference; explicitFileType = wrapper.cfbundle; includeInIndex = 0; path = FunnyGifTests.xctest; sourceTree = BUILT_PRODUCTS_DIR; };
		35D4CBA02BB4208400EF706D /* FunnyGifTests.swift */ = {isa = PBXFileReference; lastKnownFileType = sourcecode.swift; path = FunnyGifTests.swift; sourceTree = "<group>"; };
		35D4CBA62BB4208400EF706D /* FunnyGifUITests.xctest */ = {isa = PBXFileReference; explicitFileType = wrapper.cfbundle; includeInIndex = 0; path = FunnyGifUITests.xctest; sourceTree = BUILT_PRODUCTS_DIR; };
		35D4CBAA2BB4208400EF706D /* FunnyGifUITests.swift */ = {isa = PBXFileReference; lastKnownFileType = sourcecode.swift; path = FunnyGifUITests.swift; sourceTree = "<group>"; };
		35D4CBAC2BB4208400EF706D /* FunnyGifUITestsLaunchTests.swift */ = {isa = PBXFileReference; lastKnownFileType = sourcecode.swift; path = FunnyGifUITestsLaunchTests.swift; sourceTree = "<group>"; };
		35D4CBC02BB4227300EF706D /* Date+Extension.swift */ = {isa = PBXFileReference; fileEncoding = 4; lastKnownFileType = sourcecode.swift; path = "Date+Extension.swift"; sourceTree = "<group>"; };
		35D4CBC22BB4227300EF706D /* UIView+Extension.swift */ = {isa = PBXFileReference; fileEncoding = 4; lastKnownFileType = sourcecode.swift; path = "UIView+Extension.swift"; sourceTree = "<group>"; };
		35D4CBC42BB4227300EF706D /* UILabel+Extension.swift */ = {isa = PBXFileReference; fileEncoding = 4; lastKnownFileType = sourcecode.swift; path = "UILabel+Extension.swift"; sourceTree = "<group>"; };
		35D4CBC52BB4227300EF706D /* CGFloat+Extension.swift */ = {isa = PBXFileReference; fileEncoding = 4; lastKnownFileType = sourcecode.swift; path = "CGFloat+Extension.swift"; sourceTree = "<group>"; };
		35D4CBC62BB4227300EF706D /* UIViewController+Extension.swift */ = {isa = PBXFileReference; fileEncoding = 4; lastKnownFileType = sourcecode.swift; path = "UIViewController+Extension.swift"; sourceTree = "<group>"; };
		35D4CBC72BB4227300EF706D /* UIImage+Extension.swift */ = {isa = PBXFileReference; fileEncoding = 4; lastKnownFileType = sourcecode.swift; path = "UIImage+Extension.swift"; sourceTree = "<group>"; };
		35D4CBC82BB4227300EF706D /* UIColor+Extension.swift */ = {isa = PBXFileReference; fileEncoding = 4; lastKnownFileType = sourcecode.swift; path = "UIColor+Extension.swift"; sourceTree = "<group>"; };
/* End PBXFileReference section */

/* Begin PBXFrameworksBuildPhase section */
		35D4CB832BB4208300EF706D /* Frameworks */ = {
			isa = PBXFrameworksBuildPhase;
			buildActionMask = 2147483647;
			files = (
			);
			runOnlyForDeploymentPostprocessing = 0;
		};
		35D4CB992BB4208400EF706D /* Frameworks */ = {
			isa = PBXFrameworksBuildPhase;
			buildActionMask = 2147483647;
			files = (
			);
			runOnlyForDeploymentPostprocessing = 0;
		};
		35D4CBA32BB4208400EF706D /* Frameworks */ = {
			isa = PBXFrameworksBuildPhase;
			buildActionMask = 2147483647;
			files = (
			);
			runOnlyForDeploymentPostprocessing = 0;
		};
/* End PBXFrameworksBuildPhase section */

/* Begin PBXGroup section */
		35D4CB7D2BB4208300EF706D = {
			isa = PBXGroup;
			children = (
				35D4CB882BB4208300EF706D /* FunnyGif */,
				35D4CB9F2BB4208400EF706D /* FunnyGifTests */,
				35D4CBA92BB4208400EF706D /* FunnyGifUITests */,
				35D4CB872BB4208300EF706D /* Products */,
			);
			sourceTree = "<group>";
		};
		35D4CB872BB4208300EF706D /* Products */ = {
			isa = PBXGroup;
			children = (
				35D4CB862BB4208300EF706D /* FunnyGif.app */,
				35D4CB9C2BB4208400EF706D /* FunnyGifTests.xctest */,
				35D4CBA62BB4208400EF706D /* FunnyGifUITests.xctest */,
			);
			name = Products;
			sourceTree = "<group>";
		};
		35D4CB882BB4208300EF706D /* FunnyGif */ = {
			isa = PBXGroup;
			children = (
				35D4CBB92BB420A100EF706D /* Models */,
				35D4CBBA2BB420A700EF706D /* Views */,
				35D4CBBB2BB420AF00EF706D /* ViewModels */,
				35D4CBBC2BB420BA00EF706D /* Services */,
				35D4CBBD2BB420C100EF706D /* Supports */,
				35D4CB892BB4208300EF706D /* AppDelegate.swift */,
				35D4CB8B2BB4208300EF706D /* SceneDelegate.swift */,
				35D4CB8F2BB4208300EF706D /* Main.storyboard */,
				35D4CB922BB4208400EF706D /* Assets.xcassets */,
				35D4CB942BB4208400EF706D /* LaunchScreen.storyboard */,
				35D4CB972BB4208400EF706D /* Info.plist */,
			);
			path = FunnyGif;
			sourceTree = "<group>";
		};
		35D4CB9F2BB4208400EF706D /* FunnyGifTests */ = {
			isa = PBXGroup;
			children = (
				35D4CBA02BB4208400EF706D /* FunnyGifTests.swift */,
			);
			path = FunnyGifTests;
			sourceTree = "<group>";
		};
		35D4CBA92BB4208400EF706D /* FunnyGifUITests */ = {
			isa = PBXGroup;
			children = (
				35D4CBAA2BB4208400EF706D /* FunnyGifUITests.swift */,
				35D4CBAC2BB4208400EF706D /* FunnyGifUITestsLaunchTests.swift */,
			);
			path = FunnyGifUITests;
			sourceTree = "<group>";
		};
		35D4CBB92BB420A100EF706D /* Models */ = {
			isa = PBXGroup;
			children = (
			);
			path = Models;
			sourceTree = "<group>";
		};
		35D4CBBA2BB420A700EF706D /* Views */ = {
			isa = PBXGroup;
			children = (
				35D4CBBE2BB4221900EF706D /* HomeView */,
			);
			path = Views;
			sourceTree = "<group>";
		};
		35D4CBBB2BB420AF00EF706D /* ViewModels */ = {
			isa = PBXGroup;
			children = (
			);
			path = ViewModels;
			sourceTree = "<group>";
		};
		35D4CBBC2BB420BA00EF706D /* Services */ = {
			isa = PBXGroup;
			children = (
			);
			path = Services;
			sourceTree = "<group>";
		};
		35D4CBBD2BB420C100EF706D /* Supports */ = {
			isa = PBXGroup;
			children = (
				35D4CBBF2BB4224E00EF706D /* Extensions */,
			);
			path = Supports;
			sourceTree = "<group>";
		};
		35D4CBBE2BB4221900EF706D /* HomeView */ = {
			isa = PBXGroup;
			children = (
				35D4CB8D2BB4208300EF706D /* HomeViewController.swift */,
			);
			path = HomeView;
			sourceTree = "<group>";
		};
		35D4CBBF2BB4224E00EF706D /* Extensions */ = {
			isa = PBXGroup;
			children = (
				35D4CBC52BB4227300EF706D /* CGFloat+Extension.swift */,
				35D4CBC02BB4227300EF706D /* Date+Extension.swift */,
				35D4CBC82BB4227300EF706D /* UIColor+Extension.swift */,
				35D4CBC72BB4227300EF706D /* UIImage+Extension.swift */,
				35D4CBC42BB4227300EF706D /* UILabel+Extension.swift */,
				35D4CBC22BB4227300EF706D /* UIView+Extension.swift */,
				35D4CBC62BB4227300EF706D /* UIViewController+Extension.swift */,
			);
			path = Extensions;
			sourceTree = "<group>";
		};
/* End PBXGroup section */

/* Begin PBXNativeTarget section */
		35D4CB852BB4208300EF706D /* FunnyGif */ = {
			isa = PBXNativeTarget;
			buildConfigurationList = 35D4CBB02BB4208400EF706D /* Build configuration list for PBXNativeTarget "FunnyGif" */;
			buildPhases = (
				35D4CB822BB4208300EF706D /* Sources */,
				35D4CB832BB4208300EF706D /* Frameworks */,
				35D4CB842BB4208300EF706D /* Resources */,
			);
			buildRules = (
			);
			dependencies = (
			);
			name = FunnyGif;
			productName = FunnyGif;
			productReference = 35D4CB862BB4208300EF706D /* FunnyGif.app */;
			productType = "com.apple.product-type.application";
		};
		35D4CB9B2BB4208400EF706D /* FunnyGifTests */ = {
			isa = PBXNativeTarget;
			buildConfigurationList = 35D4CBB32BB4208400EF706D /* Build configuration list for PBXNativeTarget "FunnyGifTests" */;
			buildPhases = (
				35D4CB982BB4208400EF706D /* Sources */,
				35D4CB992BB4208400EF706D /* Frameworks */,
				35D4CB9A2BB4208400EF706D /* Resources */,
			);
			buildRules = (
			);
			dependencies = (
				35D4CB9E2BB4208400EF706D /* PBXTargetDependency */,
			);
			name = FunnyGifTests;
			productName = FunnyGifTests;
			productReference = 35D4CB9C2BB4208400EF706D /* FunnyGifTests.xctest */;
			productType = "com.apple.product-type.bundle.unit-test";
		};
		35D4CBA52BB4208400EF706D /* FunnyGifUITests */ = {
			isa = PBXNativeTarget;
			buildConfigurationList = 35D4CBB62BB4208400EF706D /* Build configuration list for PBXNativeTarget "FunnyGifUITests" */;
			buildPhases = (
				35D4CBA22BB4208400EF706D /* Sources */,
				35D4CBA32BB4208400EF706D /* Frameworks */,
				35D4CBA42BB4208400EF706D /* Resources */,
			);
			buildRules = (
			);
			dependencies = (
				35D4CBA82BB4208400EF706D /* PBXTargetDependency */,
			);
			name = FunnyGifUITests;
			productName = FunnyGifUITests;
			productReference = 35D4CBA62BB4208400EF706D /* FunnyGifUITests.xctest */;
			productType = "com.apple.product-type.bundle.ui-testing";
		};
/* End PBXNativeTarget section */

/* Begin PBXProject section */
		35D4CB7E2BB4208300EF706D /* Project object */ = {
			isa = PBXProject;
			attributes = {
				BuildIndependentTargetsInParallel = 1;
				LastSwiftUpdateCheck = 1500;
				LastUpgradeCheck = 1500;
				TargetAttributes = {
					35D4CB852BB4208300EF706D = {
						CreatedOnToolsVersion = 15.0.1;
					};
					35D4CB9B2BB4208400EF706D = {
						CreatedOnToolsVersion = 15.0.1;
						TestTargetID = 35D4CB852BB4208300EF706D;
					};
					35D4CBA52BB4208400EF706D = {
						CreatedOnToolsVersion = 15.0.1;
						TestTargetID = 35D4CB852BB4208300EF706D;
					};
				};
			};
			buildConfigurationList = 35D4CB812BB4208300EF706D /* Build configuration list for PBXProject "FunnyGif" */;
			compatibilityVersion = "Xcode 14.0";
			developmentRegion = en;
			hasScannedForEncodings = 0;
			knownRegions = (
				en,
				Base,
			);
			mainGroup = 35D4CB7D2BB4208300EF706D;
			productRefGroup = 35D4CB872BB4208300EF706D /* Products */;
			projectDirPath = "";
			projectRoot = "";
			targets = (
				35D4CB852BB4208300EF706D /* FunnyGif */,
				35D4CB9B2BB4208400EF706D /* FunnyGifTests */,
				35D4CBA52BB4208400EF706D /* FunnyGifUITests */,
			);
		};
/* End PBXProject section */

/* Begin PBXResourcesBuildPhase section */
		35D4CB842BB4208300EF706D /* Resources */ = {
			isa = PBXResourcesBuildPhase;
			buildActionMask = 2147483647;
			files = (
				35D4CB962BB4208400EF706D /* LaunchScreen.storyboard in Resources */,
				35D4CB932BB4208400EF706D /* Assets.xcassets in Resources */,
				35D4CB912BB4208300EF706D /* Main.storyboard in Resources */,
			);
			runOnlyForDeploymentPostprocessing = 0;
		};
		35D4CB9A2BB4208400EF706D /* Resources */ = {
			isa = PBXResourcesBuildPhase;
			buildActionMask = 2147483647;
			files = (
			);
			runOnlyForDeploymentPostprocessing = 0;
		};
		35D4CBA42BB4208400EF706D /* Resources */ = {
			isa = PBXResourcesBuildPhase;
			buildActionMask = 2147483647;
			files = (
			);
			runOnlyForDeploymentPostprocessing = 0;
		};
/* End PBXResourcesBuildPhase section */

/* Begin PBXSourcesBuildPhase section */
		35D4CB822BB4208300EF706D /* Sources */ = {
			isa = PBXSourcesBuildPhase;
			buildActionMask = 2147483647;
			files = (
				35D4CBCD2BB4227300EF706D /* UILabel+Extension.swift in Sources */,
				35D4CBCB2BB4227300EF706D /* UIView+Extension.swift in Sources */,
				35D4CB8E2BB4208300EF706D /* HomeViewController.swift in Sources */,
				35D4CBD12BB4227300EF706D /* UIColor+Extension.swift in Sources */,
				35D4CBC92BB4227300EF706D /* Date+Extension.swift in Sources */,
				35D4CB8A2BB4208300EF706D /* AppDelegate.swift in Sources */,
				35D4CBCE2BB4227300EF706D /* CGFloat+Extension.swift in Sources */,
				35D4CBCF2BB4227300EF706D /* UIViewController+Extension.swift in Sources */,
				35D4CBD02BB4227300EF706D /* UIImage+Extension.swift in Sources */,
				35D4CB8C2BB4208300EF706D /* SceneDelegate.swift in Sources */,
			);
			runOnlyForDeploymentPostprocessing = 0;
		};
		35D4CB982BB4208400EF706D /* Sources */ = {
			isa = PBXSourcesBuildPhase;
			buildActionMask = 2147483647;
			files = (
				35D4CBA12BB4208400EF706D /* FunnyGifTests.swift in Sources */,
			);
			runOnlyForDeploymentPostprocessing = 0;
		};
		35D4CBA22BB4208400EF706D /* Sources */ = {
			isa = PBXSourcesBuildPhase;
			buildActionMask = 2147483647;
			files = (
				35D4CBAD2BB4208400EF706D /* FunnyGifUITestsLaunchTests.swift in Sources */,
				35D4CBAB2BB4208400EF706D /* FunnyGifUITests.swift in Sources */,
			);
			runOnlyForDeploymentPostprocessing = 0;
		};
/* End PBXSourcesBuildPhase section */

/* Begin PBXTargetDependency section */
		35D4CB9E2BB4208400EF706D /* PBXTargetDependency */ = {
			isa = PBXTargetDependency;
			target = 35D4CB852BB4208300EF706D /* FunnyGif */;
			targetProxy = 35D4CB9D2BB4208400EF706D /* PBXContainerItemProxy */;
		};
		35D4CBA82BB4208400EF706D /* PBXTargetDependency */ = {
			isa = PBXTargetDependency;
			target = 35D4CB852BB4208300EF706D /* FunnyGif */;
			targetProxy = 35D4CBA72BB4208400EF706D /* PBXContainerItemProxy */;
		};
/* End PBXTargetDependency section */

/* Begin PBXVariantGroup section */
		35D4CB8F2BB4208300EF706D /* Main.storyboard */ = {
			isa = PBXVariantGroup;
			children = (
				35D4CB902BB4208300EF706D /* Base */,
			);
			name = Main.storyboard;
			sourceTree = "<group>";
		};
		35D4CB942BB4208400EF706D /* LaunchScreen.storyboard */ = {
			isa = PBXVariantGroup;
			children = (
				35D4CB952BB4208400EF706D /* Base */,
			);
			name = LaunchScreen.storyboard;
			sourceTree = "<group>";
		};
/* End PBXVariantGroup section */

/* Begin XCBuildConfiguration section */
		35D4CBAE2BB4208400EF706D /* Debug */ = {
			isa = XCBuildConfiguration;
			buildSettings = {
				ALWAYS_SEARCH_USER_PATHS = NO;
				ASSETCATALOG_COMPILER_GENERATE_SWIFT_ASSET_SYMBOL_EXTENSIONS = YES;
				CLANG_ANALYZER_NONNULL = YES;
				CLANG_ANALYZER_NUMBER_OBJECT_CONVERSION = YES_AGGRESSIVE;
				CLANG_CXX_LANGUAGE_STANDARD = "gnu++20";
				CLANG_ENABLE_MODULES = YES;
				CLANG_ENABLE_OBJC_ARC = YES;
				CLANG_ENABLE_OBJC_WEAK = YES;
				CLANG_WARN_BLOCK_CAPTURE_AUTORELEASING = YES;
				CLANG_WARN_BOOL_CONVERSION = YES;
				CLANG_WARN_COMMA = YES;
				CLANG_WARN_CONSTANT_CONVERSION = YES;
				CLANG_WARN_DEPRECATED_OBJC_IMPLEMENTATIONS = YES;
				CLANG_WARN_DIRECT_OBJC_ISA_USAGE = YES_ERROR;
				CLANG_WARN_DOCUMENTATION_COMMENTS = YES;
				CLANG_WARN_EMPTY_BODY = YES;
				CLANG_WARN_ENUM_CONVERSION = YES;
				CLANG_WARN_INFINITE_RECURSION = YES;
				CLANG_WARN_INT_CONVERSION = YES;
				CLANG_WARN_NON_LITERAL_NULL_CONVERSION = YES;
				CLANG_WARN_OBJC_IMPLICIT_RETAIN_SELF = YES;
				CLANG_WARN_OBJC_LITERAL_CONVERSION = YES;
				CLANG_WARN_OBJC_ROOT_CLASS = YES_ERROR;
				CLANG_WARN_QUOTED_INCLUDE_IN_FRAMEWORK_HEADER = YES;
				CLANG_WARN_RANGE_LOOP_ANALYSIS = YES;
				CLANG_WARN_STRICT_PROTOTYPES = YES;
				CLANG_WARN_SUSPICIOUS_MOVE = YES;
				CLANG_WARN_UNGUARDED_AVAILABILITY = YES_AGGRESSIVE;
				CLANG_WARN_UNREACHABLE_CODE = YES;
				CLANG_WARN__DUPLICATE_METHOD_MATCH = YES;
				COPY_PHASE_STRIP = NO;
				DEBUG_INFORMATION_FORMAT = dwarf;
				ENABLE_STRICT_OBJC_MSGSEND = YES;
				ENABLE_TESTABILITY = YES;
				ENABLE_USER_SCRIPT_SANDBOXING = YES;
				GCC_C_LANGUAGE_STANDARD = gnu17;
				GCC_DYNAMIC_NO_PIC = NO;
				GCC_NO_COMMON_BLOCKS = YES;
				GCC_OPTIMIZATION_LEVEL = 0;
				GCC_PREPROCESSOR_DEFINITIONS = (
					"DEBUG=1",
					"$(inherited)",
				);
				GCC_WARN_64_TO_32_BIT_CONVERSION = YES;
				GCC_WARN_ABOUT_RETURN_TYPE = YES_ERROR;
				GCC_WARN_UNDECLARED_SELECTOR = YES;
				GCC_WARN_UNINITIALIZED_AUTOS = YES_AGGRESSIVE;
				GCC_WARN_UNUSED_FUNCTION = YES;
				GCC_WARN_UNUSED_VARIABLE = YES;
				IPHONEOS_DEPLOYMENT_TARGET = 17.0;
				LOCALIZATION_PREFERS_STRING_CATALOGS = YES;
				MTL_ENABLE_DEBUG_INFO = INCLUDE_SOURCE;
				MTL_FAST_MATH = YES;
				ONLY_ACTIVE_ARCH = YES;
				SDKROOT = iphoneos;
				SWIFT_ACTIVE_COMPILATION_CONDITIONS = "DEBUG $(inherited)";
				SWIFT_OPTIMIZATION_LEVEL = "-Onone";
			};
			name = Debug;
		};
		35D4CBAF2BB4208400EF706D /* Release */ = {
			isa = XCBuildConfiguration;
			buildSettings = {
				ALWAYS_SEARCH_USER_PATHS = NO;
				ASSETCATALOG_COMPILER_GENERATE_SWIFT_ASSET_SYMBOL_EXTENSIONS = YES;
				CLANG_ANALYZER_NONNULL = YES;
				CLANG_ANALYZER_NUMBER_OBJECT_CONVERSION = YES_AGGRESSIVE;
				CLANG_CXX_LANGUAGE_STANDARD = "gnu++20";
				CLANG_ENABLE_MODULES = YES;
				CLANG_ENABLE_OBJC_ARC = YES;
				CLANG_ENABLE_OBJC_WEAK = YES;
				CLANG_WARN_BLOCK_CAPTURE_AUTORELEASING = YES;
				CLANG_WARN_BOOL_CONVERSION = YES;
				CLANG_WARN_COMMA = YES;
				CLANG_WARN_CONSTANT_CONVERSION = YES;
				CLANG_WARN_DEPRECATED_OBJC_IMPLEMENTATIONS = YES;
				CLANG_WARN_DIRECT_OBJC_ISA_USAGE = YES_ERROR;
				CLANG_WARN_DOCUMENTATION_COMMENTS = YES;
				CLANG_WARN_EMPTY_BODY = YES;
				CLANG_WARN_ENUM_CONVERSION = YES;
				CLANG_WARN_INFINITE_RECURSION = YES;
				CLANG_WARN_INT_CONVERSION = YES;
				CLANG_WARN_NON_LITERAL_NULL_CONVERSION = YES;
				CLANG_WARN_OBJC_IMPLICIT_RETAIN_SELF = YES;
				CLANG_WARN_OBJC_LITERAL_CONVERSION = YES;
				CLANG_WARN_OBJC_ROOT_CLASS = YES_ERROR;
				CLANG_WARN_QUOTED_INCLUDE_IN_FRAMEWORK_HEADER = YES;
				CLANG_WARN_RANGE_LOOP_ANALYSIS = YES;
				CLANG_WARN_STRICT_PROTOTYPES = YES;
				CLANG_WARN_SUSPICIOUS_MOVE = YES;
				CLANG_WARN_UNGUARDED_AVAILABILITY = YES_AGGRESSIVE;
				CLANG_WARN_UNREACHABLE_CODE = YES;
				CLANG_WARN__DUPLICATE_METHOD_MATCH = YES;
				COPY_PHASE_STRIP = NO;
				DEBUG_INFORMATION_FORMAT = "dwarf-with-dsym";
				ENABLE_NS_ASSERTIONS = NO;
				ENABLE_STRICT_OBJC_MSGSEND = YES;
				ENABLE_USER_SCRIPT_SANDBOXING = YES;
				GCC_C_LANGUAGE_STANDARD = gnu17;
				GCC_NO_COMMON_BLOCKS = YES;
				GCC_WARN_64_TO_32_BIT_CONVERSION = YES;
				GCC_WARN_ABOUT_RETURN_TYPE = YES_ERROR;
				GCC_WARN_UNDECLARED_SELECTOR = YES;
				GCC_WARN_UNINITIALIZED_AUTOS = YES_AGGRESSIVE;
				GCC_WARN_UNUSED_FUNCTION = YES;
				GCC_WARN_UNUSED_VARIABLE = YES;
				IPHONEOS_DEPLOYMENT_TARGET = 17.0;
				LOCALIZATION_PREFERS_STRING_CATALOGS = YES;
				MTL_ENABLE_DEBUG_INFO = NO;
				MTL_FAST_MATH = YES;
				SDKROOT = iphoneos;
				SWIFT_COMPILATION_MODE = wholemodule;
				VALIDATE_PRODUCT = YES;
			};
			name = Release;
		};
		35D4CBB12BB4208400EF706D /* Debug */ = {
			isa = XCBuildConfiguration;
			buildSettings = {
				ASSETCATALOG_COMPILER_APPICON_NAME = AppIcon;
				ASSETCATALOG_COMPILER_GLOBAL_ACCENT_COLOR_NAME = AccentColor;
				CODE_SIGN_STYLE = Automatic;
				CURRENT_PROJECT_VERSION = 1;
				GENERATE_INFOPLIST_FILE = YES;
				INFOPLIST_FILE = FunnyGif/Info.plist;
				INFOPLIST_KEY_UIApplicationSupportsIndirectInputEvents = YES;
				INFOPLIST_KEY_UILaunchStoryboardName = LaunchScreen;
				INFOPLIST_KEY_UIMainStoryboardFile = Main;
				INFOPLIST_KEY_UISupportedInterfaceOrientations_iPad = "UIInterfaceOrientationPortrait UIInterfaceOrientationPortraitUpsideDown UIInterfaceOrientationLandscapeLeft UIInterfaceOrientationLandscapeRight";
				INFOPLIST_KEY_UISupportedInterfaceOrientations_iPhone = "UIInterfaceOrientationPortrait UIInterfaceOrientationLandscapeLeft UIInterfaceOrientationLandscapeRight";
				LD_RUNPATH_SEARCH_PATHS = (
					"$(inherited)",
					"@executable_path/Frameworks",
				);
				MARKETING_VERSION = 1.0;
				PRODUCT_BUNDLE_IDENTIFIER = Personal.UIKit.FunnyGif;
				PRODUCT_NAME = "$(TARGET_NAME)";
				SWIFT_EMIT_LOC_STRINGS = YES;
				SWIFT_VERSION = 5.0;
				TARGETED_DEVICE_FAMILY = "1,2";
			};
			name = Debug;
		};
		35D4CBB22BB4208400EF706D /* Release */ = {
			isa = XCBuildConfiguration;
			buildSettings = {
				ASSETCATALOG_COMPILER_APPICON_NAME = AppIcon;
				ASSETCATALOG_COMPILER_GLOBAL_ACCENT_COLOR_NAME = AccentColor;
				CODE_SIGN_STYLE = Automatic;
				CURRENT_PROJECT_VERSION = 1;
				GENERATE_INFOPLIST_FILE = YES;
				INFOPLIST_FILE = FunnyGif/Info.plist;
				INFOPLIST_KEY_UIApplicationSupportsIndirectInputEvents = YES;
				INFOPLIST_KEY_UILaunchStoryboardName = LaunchScreen;
				INFOPLIST_KEY_UIMainStoryboardFile = Main;
				INFOPLIST_KEY_UISupportedInterfaceOrientations_iPad = "UIInterfaceOrientationPortrait UIInterfaceOrientationPortraitUpsideDown UIInterfaceOrientationLandscapeLeft UIInterfaceOrientationLandscapeRight";
				INFOPLIST_KEY_UISupportedInterfaceOrientations_iPhone = "UIInterfaceOrientationPortrait UIInterfaceOrientationLandscapeLeft UIInterfaceOrientationLandscapeRight";
				LD_RUNPATH_SEARCH_PATHS = (
					"$(inherited)",
					"@executable_path/Frameworks",
				);
				MARKETING_VERSION = 1.0;
				PRODUCT_BUNDLE_IDENTIFIER = Personal.UIKit.FunnyGif;
				PRODUCT_NAME = "$(TARGET_NAME)";
				SWIFT_EMIT_LOC_STRINGS = YES;
				SWIFT_VERSION = 5.0;
				TARGETED_DEVICE_FAMILY = "1,2";
			};
			name = Release;
		};
		35D4CBB42BB4208400EF706D /* Debug */ = {
			isa = XCBuildConfiguration;
			buildSettings = {
				ALWAYS_EMBED_SWIFT_STANDARD_LIBRARIES = YES;
				BUNDLE_LOADER = "$(TEST_HOST)";
				CODE_SIGN_STYLE = Automatic;
				CURRENT_PROJECT_VERSION = 1;
				GENERATE_INFOPLIST_FILE = YES;
				IPHONEOS_DEPLOYMENT_TARGET = 17.0;
				MARKETING_VERSION = 1.0;
				PRODUCT_BUNDLE_IDENTIFIER = Personal.UIKit.FunnyGifTests;
				PRODUCT_NAME = "$(TARGET_NAME)";
				SWIFT_EMIT_LOC_STRINGS = NO;
				SWIFT_VERSION = 5.0;
				TARGETED_DEVICE_FAMILY = "1,2";
				TEST_HOST = "$(BUILT_PRODUCTS_DIR)/FunnyGif.app/$(BUNDLE_EXECUTABLE_FOLDER_PATH)/FunnyGif";
			};
			name = Debug;
		};
		35D4CBB52BB4208400EF706D /* Release */ = {
			isa = XCBuildConfiguration;
			buildSettings = {
				ALWAYS_EMBED_SWIFT_STANDARD_LIBRARIES = YES;
				BUNDLE_LOADER = "$(TEST_HOST)";
				CODE_SIGN_STYLE = Automatic;
				CURRENT_PROJECT_VERSION = 1;
				GENERATE_INFOPLIST_FILE = YES;
				IPHONEOS_DEPLOYMENT_TARGET = 17.0;
				MARKETING_VERSION = 1.0;
				PRODUCT_BUNDLE_IDENTIFIER = Personal.UIKit.FunnyGifTests;
				PRODUCT_NAME = "$(TARGET_NAME)";
				SWIFT_EMIT_LOC_STRINGS = NO;
				SWIFT_VERSION = 5.0;
				TARGETED_DEVICE_FAMILY = "1,2";
				TEST_HOST = "$(BUILT_PRODUCTS_DIR)/FunnyGif.app/$(BUNDLE_EXECUTABLE_FOLDER_PATH)/FunnyGif";
			};
			name = Release;
		};
		35D4CBB72BB4208400EF706D /* Debug */ = {
			isa = XCBuildConfiguration;
			buildSettings = {
				ALWAYS_EMBED_SWIFT_STANDARD_LIBRARIES = YES;
				CODE_SIGN_STYLE = Automatic;
				CURRENT_PROJECT_VERSION = 1;
				GENERATE_INFOPLIST_FILE = YES;
				MARKETING_VERSION = 1.0;
				PRODUCT_BUNDLE_IDENTIFIER = Personal.UIKit.FunnyGifUITests;
				PRODUCT_NAME = "$(TARGET_NAME)";
				SWIFT_EMIT_LOC_STRINGS = NO;
				SWIFT_VERSION = 5.0;
				TARGETED_DEVICE_FAMILY = "1,2";
				TEST_TARGET_NAME = FunnyGif;
			};
			name = Debug;
		};
		35D4CBB82BB4208400EF706D /* Release */ = {
			isa = XCBuildConfiguration;
			buildSettings = {
				ALWAYS_EMBED_SWIFT_STANDARD_LIBRARIES = YES;
				CODE_SIGN_STYLE = Automatic;
				CURRENT_PROJECT_VERSION = 1;
				GENERATE_INFOPLIST_FILE = YES;
				MARKETING_VERSION = 1.0;
				PRODUCT_BUNDLE_IDENTIFIER = Personal.UIKit.FunnyGifUITests;
				PRODUCT_NAME = "$(TARGET_NAME)";
				SWIFT_EMIT_LOC_STRINGS = NO;
				SWIFT_VERSION = 5.0;
				TARGETED_DEVICE_FAMILY = "1,2";
				TEST_TARGET_NAME = FunnyGif;
			};
			name = Release;
		};
/* End XCBuildConfiguration section */

/* Begin XCConfigurationList section */
		35D4CB812BB4208300EF706D /* Build configuration list for PBXProject "FunnyGif" */ = {
			isa = XCConfigurationList;
			buildConfigurations = (
				35D4CBAE2BB4208400EF706D /* Debug */,
				35D4CBAF2BB4208400EF706D /* Release */,
			);
			defaultConfigurationIsVisible = 0;
			defaultConfigurationName = Release;
		};
		35D4CBB02BB4208400EF706D /* Build configuration list for PBXNativeTarget "FunnyGif" */ = {
			isa = XCConfigurationList;
			buildConfigurations = (
				35D4CBB12BB4208400EF706D /* Debug */,
				35D4CBB22BB4208400EF706D /* Release */,
			);
			defaultConfigurationIsVisible = 0;
			defaultConfigurationName = Release;
		};
		35D4CBB32BB4208400EF706D /* Build configuration list for PBXNativeTarget "FunnyGifTests" */ = {
			isa = XCConfigurationList;
			buildConfigurations = (
				35D4CBB42BB4208400EF706D /* Debug */,
				35D4CBB52BB4208400EF706D /* Release */,
			);
			defaultConfigurationIsVisible = 0;
			defaultConfigurationName = Release;
		};
		35D4CBB62BB4208400EF706D /* Build configuration list for PBXNativeTarget "FunnyGifUITests" */ = {
			isa = XCConfigurationList;
			buildConfigurations = (
				35D4CBB72BB4208400EF706D /* Debug */,
				35D4CBB82BB4208400EF706D /* Release */,
			);
			defaultConfigurationIsVisible = 0;
			defaultConfigurationName = Release;
		};
/* End XCConfigurationList section */
	};
	rootObject = 35D4CB7E2BB4208300EF706D /* Project object */;
}
